
Microsoft Visual Studio Solution File, Format Version 12.00
# Visual Studio 2012
Project("{FAE04EC0-301F-11D3-BF4B-00C04F79EFBC}") = "Img", "Img\Img.csproj", "{D7221C38-1F14-4E92-9437-CC6D614E2A1C}"
EndProject
Global
	GlobalSection(SolutionConfigurationPlatforms) = preSolution
		Debug|x86 = Debug|x86
		Release|x86 = Release|x86
	EndGlobalSection
	GlobalSection(ProjectConfigurationPlatforms) = postSolution
		{D7221C38-1F14-4E92-9437-CC6D614E2A1C}.Debug|x86.ActiveCfg = Debug|x86
		{D7221C38-1F14-4E92-9437-CC6D614E2A1C}.Debug|x86.Build.0 = Debug|x86
		{D7221C38-1F14-4E92-9437-CC6D614E2A1C}.Release|x86.ActiveCfg = Release|x86
		{D7221C38-1F14-4E92-9437-CC6D614E2A1C}.Release|x86.Build.0 = Release|x86
	EndGlobalSection
EndGlobal
